
Microsoft Visual Studio Solution File, Format Version 12.00
# Visual Studio 2012
Project("{FAE04EC0-301F-11D3-BF4B-00C04F79EFBC}") = "EASV.PetShop.ConsoleApp", "Morten.PetShop.ConsoleApp\EASV.PetShop.ConsoleApp.csproj", "{314A99EB-C722-45DF-A389-D0E5CB4C6FAC}"
EndProject
Project("{2150E333-8FDC-42A3-9474-1A3956D46DE8}") = "Core", "Core", "{D6471564-456A-42F6-AA88-2EEEB5F431FE}"
EndProject
Project("{2150E333-8FDC-42A3-9474-1A3956D46DE8}") = "Infrastructure", "Infrastructure", "{A3AA8BD1-E984-4416-8F3A-CCA22A711A94}"
EndProject
Project("{2150E333-8FDC-42A3-9474-1A3956D46DE8}") = "UI", "UI", "{878B8A6E-457F-4F76-B7F8-E049AB1AF6E1}"
EndProject
Project("{FAE04EC0-301F-11D3-BF4B-00C04F79EFBC}") = "EASV.PetShop.Infrastructure.Data", "PetRepository\EASV.PetShop.Infrastructure.Data.csproj", "{7701A465-1F17-44E8-8457-50C49BD846F4}"
EndProject
Project("{FAE04EC0-301F-11D3-BF4B-00C04F79EFBC}") = "EASV.PetShop.Entities", "Morten.PetShop.Entities\EASV.PetShop.Entities.csproj", "{2BD39C3D-AFF7-40B6-99A6-4A1D1E87DD90}"
EndProject
Project("{FAE04EC0-301F-11D3-BF4B-00C04F79EFBC}") = "EASV.PetShop.Core", "Morten.PetShop.Core\EASV.PetShop.Core.csproj", "{3F107B50-60C2-405F-9750-EE843005187D}"
EndProject
Project("{FAE04EC0-301F-11D3-BF4B-00C04F79EFBC}") = "EASV.PetRestAPI", "EASV.PetRestAPI\EASV.PetRestAPI.csproj", "{155DAC1D-4D34-4E23-B6E5-1D3BC868C9E6}"
EndProject
Global
	GlobalSection(SolutionConfigurationPlatforms) = preSolution
		Debug|Any CPU = Debug|Any CPU
		Release|Any CPU = Release|Any CPU
	EndGlobalSection
	GlobalSection(ProjectConfigurationPlatforms) = postSolution
		{314A99EB-C722-45DF-A389-D0E5CB4C6FAC}.Debug|Any CPU.ActiveCfg = Debug|Any CPU
		{314A99EB-C722-45DF-A389-D0E5CB4C6FAC}.Debug|Any CPU.Build.0 = Debug|Any CPU
		{314A99EB-C722-45DF-A389-D0E5CB4C6FAC}.Release|Any CPU.ActiveCfg = Release|Any CPU
		{314A99EB-C722-45DF-A389-D0E5CB4C6FAC}.Release|Any CPU.Build.0 = Release|Any CPU
		{7701A465-1F17-44E8-8457-50C49BD846F4}.Debug|Any CPU.ActiveCfg = Debug|Any CPU
		{7701A465-1F17-44E8-8457-50C49BD846F4}.Debug|Any CPU.Build.0 = Debug|Any CPU
		{7701A465-1F17-44E8-8457-50C49BD846F4}.Release|Any CPU.ActiveCfg = Release|Any CPU
		{7701A465-1F17-44E8-8457-50C49BD846F4}.Release|Any CPU.Build.0 = Release|Any CPU
		{2BD39C3D-AFF7-40B6-99A6-4A1D1E87DD90}.Debug|Any CPU.ActiveCfg = Debug|Any CPU
		{2BD39C3D-AFF7-40B6-99A6-4A1D1E87DD90}.Debug|Any CPU.Build.0 = Debug|Any CPU
		{2BD39C3D-AFF7-40B6-99A6-4A1D1E87DD90}.Release|Any CPU.ActiveCfg = Release|Any CPU
		{2BD39C3D-AFF7-40B6-99A6-4A1D1E87DD90}.Release|Any CPU.Build.0 = Release|Any CPU
		{3F107B50-60C2-405F-9750-EE843005187D}.Debug|Any CPU.ActiveCfg = Debug|Any CPU
		{3F107B50-60C2-405F-9750-EE843005187D}.Debug|Any CPU.Build.0 = Debug|Any CPU
		{3F107B50-60C2-405F-9750-EE843005187D}.Release|Any CPU.ActiveCfg = Release|Any CPU
		{3F107B50-60C2-405F-9750-EE843005187D}.Release|Any CPU.Build.0 = Release|Any CPU
		{155DAC1D-4D34-4E23-B6E5-1D3BC868C9E6}.Debug|Any CPU.ActiveCfg = Debug|Any CPU
		{155DAC1D-4D34-4E23-B6E5-1D3BC868C9E6}.Debug|Any CPU.Build.0 = Debug|Any CPU
		{155DAC1D-4D34-4E23-B6E5-1D3BC868C9E6}.Release|Any CPU.ActiveCfg = Release|Any CPU
		{155DAC1D-4D34-4E23-B6E5-1D3BC868C9E6}.Release|Any CPU.Build.0 = Release|Any CPU
	EndGlobalSection
	GlobalSection(NestedProjects) = preSolution
		{314A99EB-C722-45DF-A389-D0E5CB4C6FAC} = {878B8A6E-457F-4F76-B7F8-E049AB1AF6E1}
		{7701A465-1F17-44E8-8457-50C49BD846F4} = {A3AA8BD1-E984-4416-8F3A-CCA22A711A94}
		{2BD39C3D-AFF7-40B6-99A6-4A1D1E87DD90} = {D6471564-456A-42F6-AA88-2EEEB5F431FE}
		{3F107B50-60C2-405F-9750-EE843005187D} = {D6471564-456A-42F6-AA88-2EEEB5F431FE}
		{155DAC1D-4D34-4E23-B6E5-1D3BC868C9E6} = {878B8A6E-457F-4F76-B7F8-E049AB1AF6E1}
	EndGlobalSection
EndGlobal
